
Microsoft Visual Studio Solution File, Format Version 12.00
# Visual Studio 2013
VisualStudioVersion = 12.0.40629.0
MinimumVisualStudioVersion = 10.0.40219.1
Project("{FAE04EC0-301F-11D3-BF4B-00C04F79EFBC}") = "Dds.Net", "Dds.Net\Dds.Net.csproj", "{F3672BD0-CF43-43BB-BE0A-4ABAA1CDE779}"
EndProject
Project("{FAE04EC0-301F-11D3-BF4B-00C04F79EFBC}") = "Dds.Net.Sample", "Dds.Net.Sample\Dds.Net.Sample.csproj", "{C682B14D-E977-4EC9-BF00-043D3C33377C}"
EndProject
Project("{FAE04EC0-301F-11D3-BF4B-00C04F79EFBC}") = "Bridge.Domain", "Bridge.Domain\Bridge.Domain.csproj", "{A83166E1-A1F3-4B4F-B8B3-F215CE1B215B}"
EndProject
Project("{FAE04EC0-301F-11D3-BF4B-00C04F79EFBC}") = "WebRequestTest", "WebRequestTest\WebRequestTest.csproj", "{2AE4A8C3-CC53-4203-BD9F-8BD07CCF5E08}"
EndProject
Project("{FAE04EC0-301F-11D3-BF4B-00C04F79EFBC}") = "PBNParserTest", "PBNParserTest\PBNParserTest.csproj", "{D13E4DD3-1840-46AA-849B-AB581D72A5B3}"
EndProject
Project("{FAE04EC0-301F-11D3-BF4B-00C04F79EFBC}") = "Bridge.WebAPI", "BridgeWebAPI\Bridge.WebAPI.csproj", "{E2B9E98F-D3BB-40C2-82E3-77573CDCEDF7}"
EndProject
Project("{FAE04EC0-301F-11D3-BF4B-00C04F79EFBC}") = "Bridge.WebAPI.Tests", "BridgeWebAPI.Tests\Bridge.WebAPI.Tests.csproj", "{8A399CE6-691F-46BE-9A9C-F6CEF0644465}"
EndProject
Project("{FAE04EC0-301F-11D3-BF4B-00C04F79EFBC}") = "BridgePortal", "BridgePortal\BridgePortal.csproj", "{C647B763-2D8C-480C-965E-BFB5F40D8791}"
EndProject
Project("{FAE04EC0-301F-11D3-BF4B-00C04F79EFBC}") = "Domain", "Domain\Domain.csproj", "{A42D72D5-0003-436F-BED2-D23869D97E29}"
EndProject
Project("{2150E333-8FDC-42A3-9474-1A3956D46DE8}") = "Solution Items", "Solution Items", "{8C3BD66F-3C5C-4CB5-BD9C-FE8F4E10E0C6}"
	ProjectSection(SolutionItems) = preProject
		WebEssentials-Settings.json = WebEssentials-Settings.json
	EndProjectSection
EndProject
Global
	GlobalSection(SolutionConfigurationPlatforms) = preSolution
		AFMProd|Any CPU = AFMProd|Any CPU
		AFMProd|Mixed Platforms = AFMProd|Mixed Platforms
		AFMProd|x64 = AFMProd|x64
		AFMProd|x86 = AFMProd|x86
		AFMTest|Any CPU = AFMTest|Any CPU
		AFMTest|Mixed Platforms = AFMTest|Mixed Platforms
		AFMTest|x64 = AFMTest|x64
		AFMTest|x86 = AFMTest|x86
		Debug|Any CPU = Debug|Any CPU
		Debug|Mixed Platforms = Debug|Mixed Platforms
		Debug|x64 = Debug|x64
		Debug|x86 = Debug|x86
		Release|Any CPU = Release|Any CPU
		Release|Mixed Platforms = Release|Mixed Platforms
		Release|x64 = Release|x64
		Release|x86 = Release|x86
		SOD-2012R2|Any CPU = SOD-2012R2|Any CPU
		SOD-2012R2|Mixed Platforms = SOD-2012R2|Mixed Platforms
		SOD-2012R2|x64 = SOD-2012R2|x64
		SOD-2012R2|x86 = SOD-2012R2|x86
		WebDev|Any CPU = WebDev|Any CPU
		WebDev|Mixed Platforms = WebDev|Mixed Platforms
		WebDev|x64 = WebDev|x64
		WebDev|x86 = WebDev|x86
	EndGlobalSection
	GlobalSection(ProjectConfigurationPlatforms) = postSolution
		{F3672BD0-CF43-43BB-BE0A-4ABAA1CDE779}.AFMProd|Any CPU.ActiveCfg = Release|Any CPU
		{F3672BD0-CF43-43BB-BE0A-4ABAA1CDE779}.AFMProd|Any CPU.Build.0 = Release|Any CPU
		{F3672BD0-CF43-43BB-BE0A-4ABAA1CDE779}.AFMProd|Mixed Platforms.ActiveCfg = Release|x86
		{F3672BD0-CF43-43BB-BE0A-4ABAA1CDE779}.AFMProd|Mixed Platforms.Build.0 = Release|x86
		{F3672BD0-CF43-43BB-BE0A-4ABAA1CDE779}.AFMProd|x64.ActiveCfg = Release|Any CPU
		{F3672BD0-CF43-43BB-BE0A-4ABAA1CDE779}.AFMProd|x86.ActiveCfg = Release|x86
		{F3672BD0-CF43-43BB-BE0A-4ABAA1CDE779}.AFMProd|x86.Build.0 = Release|x86
		{F3672BD0-CF43-43BB-BE0A-4ABAA1CDE779}.AFMTest|Any CPU.ActiveCfg = Release|Any CPU
		{F3672BD0-CF43-43BB-BE0A-4ABAA1CDE779}.AFMTest|Any CPU.Build.0 = Release|Any CPU
		{F3672BD0-CF43-43BB-BE0A-4ABAA1CDE779}.AFMTest|Mixed Platforms.ActiveCfg = Release|x86
		{F3672BD0-CF43-43BB-BE0A-4ABAA1CDE779}.AFMTest|Mixed Platforms.Build.0 = Release|x86
		{F3672BD0-CF43-43BB-BE0A-4ABAA1CDE779}.AFMTest|x64.ActiveCfg = Release|Any CPU
		{F3672BD0-CF43-43BB-BE0A-4ABAA1CDE779}.AFMTest|x86.ActiveCfg = Release|x86
		{F3672BD0-CF43-43BB-BE0A-4ABAA1CDE779}.AFMTest|x86.Build.0 = Release|x86
		{F3672BD0-CF43-43BB-BE0A-4ABAA1CDE779}.Debug|Any CPU.ActiveCfg = Debug|Any CPU
		{F3672BD0-CF43-43BB-BE0A-4ABAA1CDE779}.Debug|Any CPU.Build.0 = Debug|Any CPU
		{F3672BD0-CF43-43BB-BE0A-4ABAA1CDE779}.Debug|Mixed Platforms.ActiveCfg = Debug|x86
		{F3672BD0-CF43-43BB-BE0A-4ABAA1CDE779}.Debug|Mixed Platforms.Build.0 = Debug|x86
		{F3672BD0-CF43-43BB-BE0A-4ABAA1CDE779}.Debug|x64.ActiveCfg = Debug|x86
		{F3672BD0-CF43-43BB-BE0A-4ABAA1CDE779}.Debug|x64.Build.0 = Debug|x86
		{F3672BD0-CF43-43BB-BE0A-4ABAA1CDE779}.Debug|x86.ActiveCfg = Debug|x86
		{F3672BD0-CF43-43BB-BE0A-4ABAA1CDE779}.Debug|x86.Build.0 = Debug|x86
		{F3672BD0-CF43-43BB-BE0A-4ABAA1CDE779}.Release|Any CPU.ActiveCfg = Release|Any CPU
		{F3672BD0-CF43-43BB-BE0A-4ABAA1CDE779}.Release|Any CPU.Build.0 = Release|Any CPU
		{F3672BD0-CF43-43BB-BE0A-4ABAA1CDE779}.Release|Mixed Platforms.ActiveCfg = Release|x86
		{F3672BD0-CF43-43BB-BE0A-4ABAA1CDE779}.Release|Mixed Platforms.Build.0 = Release|x86
		{F3672BD0-CF43-43BB-BE0A-4ABAA1CDE779}.Release|x64.ActiveCfg = Release|Any CPU
		{F3672BD0-CF43-43BB-BE0A-4ABAA1CDE779}.Release|x86.ActiveCfg = Release|x86
		{F3672BD0-CF43-43BB-BE0A-4ABAA1CDE779}.Release|x86.Build.0 = Release|x86
		{F3672BD0-CF43-43BB-BE0A-4ABAA1CDE779}.SOD-2012R2|Any CPU.ActiveCfg = Release|Any CPU
		{F3672BD0-CF43-43BB-BE0A-4ABAA1CDE779}.SOD-2012R2|Any CPU.Build.0 = Release|Any CPU
		{F3672BD0-CF43-43BB-BE0A-4ABAA1CDE779}.SOD-2012R2|Mixed Platforms.ActiveCfg = Release|x86
		{F3672BD0-CF43-43BB-BE0A-4ABAA1CDE779}.SOD-2012R2|Mixed Platforms.Build.0 = Release|x86
		{F3672BD0-CF43-43BB-BE0A-4ABAA1CDE779}.SOD-2012R2|x64.ActiveCfg = Release|Any CPU
		{F3672BD0-CF43-43BB-BE0A-4ABAA1CDE779}.SOD-2012R2|x86.ActiveCfg = Release|x86
		{F3672BD0-CF43-43BB-BE0A-4ABAA1CDE779}.SOD-2012R2|x86.Build.0 = Release|x86
		{F3672BD0-CF43-43BB-BE0A-4ABAA1CDE779}.WebDev|Any CPU.ActiveCfg = Release|Any CPU
		{F3672BD0-CF43-43BB-BE0A-4ABAA1CDE779}.WebDev|Any CPU.Build.0 = Release|Any CPU
		{F3672BD0-CF43-43BB-BE0A-4ABAA1CDE779}.WebDev|Mixed Platforms.ActiveCfg = Release|x86
		{F3672BD0-CF43-43BB-BE0A-4ABAA1CDE779}.WebDev|Mixed Platforms.Build.0 = Release|x86
		{F3672BD0-CF43-43BB-BE0A-4ABAA1CDE779}.WebDev|x64.ActiveCfg = Release|Any CPU
		{F3672BD0-CF43-43BB-BE0A-4ABAA1CDE779}.WebDev|x86.ActiveCfg = Release|x86
		{F3672BD0-CF43-43BB-BE0A-4ABAA1CDE779}.WebDev|x86.Build.0 = Release|x86
		{C682B14D-E977-4EC9-BF00-043D3C33377C}.AFMProd|Any CPU.ActiveCfg = Release|Any CPU
		{C682B14D-E977-4EC9-BF00-043D3C33377C}.AFMProd|Any CPU.Build.0 = Release|Any CPU
		{C682B14D-E977-4EC9-BF00-043D3C33377C}.AFMProd|Mixed Platforms.ActiveCfg = Release|Any CPU
		{C682B14D-E977-4EC9-BF00-043D3C33377C}.AFMProd|Mixed Platforms.Build.0 = Release|Any CPU
		{C682B14D-E977-4EC9-BF00-043D3C33377C}.AFMProd|x64.ActiveCfg = Debug|x64
		{C682B14D-E977-4EC9-BF00-043D3C33377C}.AFMProd|x64.Build.0 = Debug|x64
		{C682B14D-E977-4EC9-BF00-043D3C33377C}.AFMProd|x86.ActiveCfg = Release|Any CPU
		{C682B14D-E977-4EC9-BF00-043D3C33377C}.AFMTest|Any CPU.ActiveCfg = Release|Any CPU
		{C682B14D-E977-4EC9-BF00-043D3C33377C}.AFMTest|Any CPU.Build.0 = Release|Any CPU
		{C682B14D-E977-4EC9-BF00-043D3C33377C}.AFMTest|Mixed Platforms.ActiveCfg = Release|Any CPU
		{C682B14D-E977-4EC9-BF00-043D3C33377C}.AFMTest|Mixed Platforms.Build.0 = Release|Any CPU
		{C682B14D-E977-4EC9-BF00-043D3C33377C}.AFMTest|x64.ActiveCfg = Debug|x64
		{C682B14D-E977-4EC9-BF00-043D3C33377C}.AFMTest|x64.Build.0 = Debug|x64
		{C682B14D-E977-4EC9-BF00-043D3C33377C}.AFMTest|x86.ActiveCfg = Release|Any CPU
		{C682B14D-E977-4EC9-BF00-043D3C33377C}.Debug|Any CPU.ActiveCfg = Debug|Any CPU
		{C682B14D-E977-4EC9-BF00-043D3C33377C}.Debug|Any CPU.Build.0 = Debug|Any CPU
		{C682B14D-E977-4EC9-BF00-043D3C33377C}.Debug|Mixed Platforms.ActiveCfg = Debug|Any CPU
		{C682B14D-E977-4EC9-BF00-043D3C33377C}.Debug|Mixed Platforms.Build.0 = Debug|Any CPU
		{C682B14D-E977-4EC9-BF00-043D3C33377C}.Debug|x64.ActiveCfg = Debug|Any CPU
		{C682B14D-E977-4EC9-BF00-043D3C33377C}.Debug|x64.Build.0 = Debug|Any CPU
		{C682B14D-E977-4EC9-BF00-043D3C33377C}.Debug|x86.ActiveCfg = Debug|Any CPU
		{C682B14D-E977-4EC9-BF00-043D3C33377C}.Release|Any CPU.ActiveCfg = Release|Any CPU
		{C682B14D-E977-4EC9-BF00-043D3C33377C}.Release|Any CPU.Build.0 = Release|Any CPU
		{C682B14D-E977-4EC9-BF00-043D3C33377C}.Release|Mixed Platforms.ActiveCfg = Release|Any CPU
		{C682B14D-E977-4EC9-BF00-043D3C33377C}.Release|Mixed Platforms.Build.0 = Release|Any CPU
		{C682B14D-E977-4EC9-BF00-043D3C33377C}.Release|x64.ActiveCfg = Release|x64
		{C682B14D-E977-4EC9-BF00-043D3C33377C}.Release|x64.Build.0 = Release|x64
		{C682B14D-E977-4EC9-BF00-043D3C33377C}.Release|x86.ActiveCfg = Release|Any CPU
		{C682B14D-E977-4EC9-BF00-043D3C33377C}.SOD-2012R2|Any CPU.ActiveCfg = Release|Any CPU
		{C682B14D-E977-4EC9-BF00-043D3C33377C}.SOD-2012R2|Any CPU.Build.0 = Release|Any CPU
		{C682B14D-E977-4EC9-BF00-043D3C33377C}.SOD-2012R2|Mixed Platforms.ActiveCfg = Release|Any CPU
		{C682B14D-E977-4EC9-BF00-043D3C33377C}.SOD-2012R2|Mixed Platforms.Build.0 = Release|Any CPU
		{C682B14D-E977-4EC9-BF00-043D3C33377C}.SOD-2012R2|x64.ActiveCfg = Debug|x64
		{C682B14D-E977-4EC9-BF00-043D3C33377C}.SOD-2012R2|x64.Build.0 = Debug|x64
		{C682B14D-E977-4EC9-BF00-043D3C33377C}.SOD-2012R2|x86.ActiveCfg = Release|Any CPU
		{C682B14D-E977-4EC9-BF00-043D3C33377C}.WebDev|Any CPU.ActiveCfg = Release|Any CPU
		{C682B14D-E977-4EC9-BF00-043D3C33377C}.WebDev|Any CPU.Build.0 = Release|Any CPU
		{C682B14D-E977-4EC9-BF00-043D3C33377C}.WebDev|Mixed Platforms.ActiveCfg = Release|Any CPU
		{C682B14D-E977-4EC9-BF00-043D3C33377C}.WebDev|Mixed Platforms.Build.0 = Release|Any CPU
		{C682B14D-E977-4EC9-BF00-043D3C33377C}.WebDev|x64.ActiveCfg = Debug|x64
		{C682B14D-E977-4EC9-BF00-043D3C33377C}.WebDev|x64.Build.0 = Debug|x64
		{C682B14D-E977-4EC9-BF00-043D3C33377C}.WebDev|x86.ActiveCfg = Release|Any CPU
		{A83166E1-A1F3-4B4F-B8B3-F215CE1B215B}.AFMProd|Any CPU.ActiveCfg = Release|Any CPU
		{A83166E1-A1F3-4B4F-B8B3-F215CE1B215B}.AFMProd|Any CPU.Build.0 = Release|Any CPU
		{A83166E1-A1F3-4B4F-B8B3-F215CE1B215B}.AFMProd|Mixed Platforms.ActiveCfg = Release|Any CPU
		{A83166E1-A1F3-4B4F-B8B3-F215CE1B215B}.AFMProd|Mixed Platforms.Build.0 = Release|Any CPU
		{A83166E1-A1F3-4B4F-B8B3-F215CE1B215B}.AFMProd|x64.ActiveCfg = Release|Any CPU
		{A83166E1-A1F3-4B4F-B8B3-F215CE1B215B}.AFMProd|x86.ActiveCfg = Release|Any CPU
		{A83166E1-A1F3-4B4F-B8B3-F215CE1B215B}.AFMTest|Any CPU.ActiveCfg = Release|Any CPU
		{A83166E1-A1F3-4B4F-B8B3-F215CE1B215B}.AFMTest|Any CPU.Build.0 = Release|Any CPU
		{A83166E1-A1F3-4B4F-B8B3-F215CE1B215B}.AFMTest|Mixed Platforms.ActiveCfg = Release|Any CPU
		{A83166E1-A1F3-4B4F-B8B3-F215CE1B215B}.AFMTest|Mixed Platforms.Build.0 = Release|Any CPU
		{A83166E1-A1F3-4B4F-B8B3-F215CE1B215B}.AFMTest|x64.ActiveCfg = Release|Any CPU
		{A83166E1-A1F3-4B4F-B8B3-F215CE1B215B}.AFMTest|x86.ActiveCfg = Release|Any CPU
		{A83166E1-A1F3-4B4F-B8B3-F215CE1B215B}.Debug|Any CPU.ActiveCfg = Debug|Any CPU
		{A83166E1-A1F3-4B4F-B8B3-F215CE1B215B}.Debug|Any CPU.Build.0 = Debug|Any CPU
		{A83166E1-A1F3-4B4F-B8B3-F215CE1B215B}.Debug|Mixed Platforms.ActiveCfg = Debug|Any CPU
		{A83166E1-A1F3-4B4F-B8B3-F215CE1B215B}.Debug|Mixed Platforms.Build.0 = Debug|Any CPU
		{A83166E1-A1F3-4B4F-B8B3-F215CE1B215B}.Debug|x64.ActiveCfg = Debug|Any CPU
		{A83166E1-A1F3-4B4F-B8B3-F215CE1B215B}.Debug|x86.ActiveCfg = Debug|Any CPU
		{A83166E1-A1F3-4B4F-B8B3-F215CE1B215B}.Release|Any CPU.ActiveCfg = Release|Any CPU
		{A83166E1-A1F3-4B4F-B8B3-F215CE1B215B}.Release|Any CPU.Build.0 = Release|Any CPU
		{A83166E1-A1F3-4B4F-B8B3-F215CE1B215B}.Release|Mixed Platforms.ActiveCfg = Release|Any CPU
		{A83166E1-A1F3-4B4F-B8B3-F215CE1B215B}.Release|Mixed Platforms.Build.0 = Release|Any CPU
		{A83166E1-A1F3-4B4F-B8B3-F215CE1B215B}.Release|x64.ActiveCfg = Release|Any CPU
		{A83166E1-A1F3-4B4F-B8B3-F215CE1B215B}.Release|x86.ActiveCfg = Release|Any CPU
		{A83166E1-A1F3-4B4F-B8B3-F215CE1B215B}.SOD-2012R2|Any CPU.ActiveCfg = Release|Any CPU
		{A83166E1-A1F3-4B4F-B8B3-F215CE1B215B}.SOD-2012R2|Any CPU.Build.0 = Release|Any CPU
		{A83166E1-A1F3-4B4F-B8B3-F215CE1B215B}.SOD-2012R2|Mixed Platforms.ActiveCfg = Release|Any CPU
		{A83166E1-A1F3-4B4F-B8B3-F215CE1B215B}.SOD-2012R2|Mixed Platforms.Build.0 = Release|Any CPU
		{A83166E1-A1F3-4B4F-B8B3-F215CE1B215B}.SOD-2012R2|x64.ActiveCfg = Release|Any CPU
		{A83166E1-A1F3-4B4F-B8B3-F215CE1B215B}.SOD-2012R2|x86.ActiveCfg = Release|Any CPU
		{A83166E1-A1F3-4B4F-B8B3-F215CE1B215B}.WebDev|Any CPU.ActiveCfg = Release|Any CPU
		{A83166E1-A1F3-4B4F-B8B3-F215CE1B215B}.WebDev|Any CPU.Build.0 = Release|Any CPU
		{A83166E1-A1F3-4B4F-B8B3-F215CE1B215B}.WebDev|Mixed Platforms.ActiveCfg = Release|Any CPU
		{A83166E1-A1F3-4B4F-B8B3-F215CE1B215B}.WebDev|Mixed Platforms.Build.0 = Release|Any CPU
		{A83166E1-A1F3-4B4F-B8B3-F215CE1B215B}.WebDev|x64.ActiveCfg = Release|Any CPU
		{A83166E1-A1F3-4B4F-B8B3-F215CE1B215B}.WebDev|x86.ActiveCfg = Release|Any CPU
		{2AE4A8C3-CC53-4203-BD9F-8BD07CCF5E08}.AFMProd|Any CPU.ActiveCfg = Release|Any CPU
		{2AE4A8C3-CC53-4203-BD9F-8BD07CCF5E08}.AFMProd|Any CPU.Build.0 = Release|Any CPU
		{2AE4A8C3-CC53-4203-BD9F-8BD07CCF5E08}.AFMProd|Mixed Platforms.ActiveCfg = Release|Any CPU
		{2AE4A8C3-CC53-4203-BD9F-8BD07CCF5E08}.AFMProd|Mixed Platforms.Build.0 = Release|Any CPU
		{2AE4A8C3-CC53-4203-BD9F-8BD07CCF5E08}.AFMProd|x64.ActiveCfg = Release|Any CPU
		{2AE4A8C3-CC53-4203-BD9F-8BD07CCF5E08}.AFMProd|x86.ActiveCfg = Release|Any CPU
		{2AE4A8C3-CC53-4203-BD9F-8BD07CCF5E08}.AFMTest|Any CPU.ActiveCfg = Release|Any CPU
		{2AE4A8C3-CC53-4203-BD9F-8BD07CCF5E08}.AFMTest|Any CPU.Build.0 = Release|Any CPU
		{2AE4A8C3-CC53-4203-BD9F-8BD07CCF5E08}.AFMTest|Mixed Platforms.ActiveCfg = Release|Any CPU
		{2AE4A8C3-CC53-4203-BD9F-8BD07CCF5E08}.AFMTest|Mixed Platforms.Build.0 = Release|Any CPU
		{2AE4A8C3-CC53-4203-BD9F-8BD07CCF5E08}.AFMTest|x64.ActiveCfg = Release|Any CPU
		{2AE4A8C3-CC53-4203-BD9F-8BD07CCF5E08}.AFMTest|x86.ActiveCfg = Release|Any CPU
		{2AE4A8C3-CC53-4203-BD9F-8BD07CCF5E08}.Debug|Any CPU.ActiveCfg = Debug|Any CPU
		{2AE4A8C3-CC53-4203-BD9F-8BD07CCF5E08}.Debug|Any CPU.Build.0 = Debug|Any CPU
		{2AE4A8C3-CC53-4203-BD9F-8BD07CCF5E08}.Debug|Mixed Platforms.ActiveCfg = Debug|Any CPU
		{2AE4A8C3-CC53-4203-BD9F-8BD07CCF5E08}.Debug|Mixed Platforms.Build.0 = Debug|Any CPU
		{2AE4A8C3-CC53-4203-BD9F-8BD07CCF5E08}.Debug|x64.ActiveCfg = Debug|Any CPU
		{2AE4A8C3-CC53-4203-BD9F-8BD07CCF5E08}.Debug|x86.ActiveCfg = Debug|Any CPU
		{2AE4A8C3-CC53-4203-BD9F-8BD07CCF5E08}.Release|Any CPU.ActiveCfg = Release|Any CPU
		{2AE4A8C3-CC53-4203-BD9F-8BD07CCF5E08}.Release|Any CPU.Build.0 = Release|Any CPU
		{2AE4A8C3-CC53-4203-BD9F-8BD07CCF5E08}.Release|Mixed Platforms.ActiveCfg = Release|Any CPU
		{2AE4A8C3-CC53-4203-BD9F-8BD07CCF5E08}.Release|Mixed Platforms.Build.0 = Release|Any CPU
		{2AE4A8C3-CC53-4203-BD9F-8BD07CCF5E08}.Release|x64.ActiveCfg = Release|Any CPU
		{2AE4A8C3-CC53-4203-BD9F-8BD07CCF5E08}.Release|x86.ActiveCfg = Release|Any CPU
		{2AE4A8C3-CC53-4203-BD9F-8BD07CCF5E08}.SOD-2012R2|Any CPU.ActiveCfg = Release|Any CPU
		{2AE4A8C3-CC53-4203-BD9F-8BD07CCF5E08}.SOD-2012R2|Any CPU.Build.0 = Release|Any CPU
		{2AE4A8C3-CC53-4203-BD9F-8BD07CCF5E08}.SOD-2012R2|Mixed Platforms.ActiveCfg = Release|Any CPU
		{2AE4A8C3-CC53-4203-BD9F-8BD07CCF5E08}.SOD-2012R2|Mixed Platforms.Build.0 = Release|Any CPU
		{2AE4A8C3-CC53-4203-BD9F-8BD07CCF5E08}.SOD-2012R2|x64.ActiveCfg = Release|Any CPU
		{2AE4A8C3-CC53-4203-BD9F-8BD07CCF5E08}.SOD-2012R2|x86.ActiveCfg = Release|Any CPU
		{2AE4A8C3-CC53-4203-BD9F-8BD07CCF5E08}.WebDev|Any CPU.ActiveCfg = Release|Any CPU
		{2AE4A8C3-CC53-4203-BD9F-8BD07CCF5E08}.WebDev|Any CPU.Build.0 = Release|Any CPU
		{2AE4A8C3-CC53-4203-BD9F-8BD07CCF5E08}.WebDev|Mixed Platforms.ActiveCfg = Release|Any CPU
		{2AE4A8C3-CC53-4203-BD9F-8BD07CCF5E08}.WebDev|Mixed Platforms.Build.0 = Release|Any CPU
		{2AE4A8C3-CC53-4203-BD9F-8BD07CCF5E08}.WebDev|x64.ActiveCfg = Release|Any CPU
		{2AE4A8C3-CC53-4203-BD9F-8BD07CCF5E08}.WebDev|x86.ActiveCfg = Release|Any CPU
		{D13E4DD3-1840-46AA-849B-AB581D72A5B3}.AFMProd|Any CPU.ActiveCfg = Release|Any CPU
		{D13E4DD3-1840-46AA-849B-AB581D72A5B3}.AFMProd|Any CPU.Build.0 = Release|Any CPU
		{D13E4DD3-1840-46AA-849B-AB581D72A5B3}.AFMProd|Mixed Platforms.ActiveCfg = Release|Any CPU
		{D13E4DD3-1840-46AA-849B-AB581D72A5B3}.AFMProd|Mixed Platforms.Build.0 = Release|Any CPU
		{D13E4DD3-1840-46AA-849B-AB581D72A5B3}.AFMProd|x64.ActiveCfg = Release|Any CPU
		{D13E4DD3-1840-46AA-849B-AB581D72A5B3}.AFMProd|x86.ActiveCfg = Release|Any CPU
		{D13E4DD3-1840-46AA-849B-AB581D72A5B3}.AFMTest|Any CPU.ActiveCfg = Release|Any CPU
		{D13E4DD3-1840-46AA-849B-AB581D72A5B3}.AFMTest|Any CPU.Build.0 = Release|Any CPU
		{D13E4DD3-1840-46AA-849B-AB581D72A5B3}.AFMTest|Mixed Platforms.ActiveCfg = Release|Any CPU
		{D13E4DD3-1840-46AA-849B-AB581D72A5B3}.AFMTest|Mixed Platforms.Build.0 = Release|Any CPU
		{D13E4DD3-1840-46AA-849B-AB581D72A5B3}.AFMTest|x64.ActiveCfg = Release|Any CPU
		{D13E4DD3-1840-46AA-849B-AB581D72A5B3}.AFMTest|x86.ActiveCfg = Release|Any CPU
		{D13E4DD3-1840-46AA-849B-AB581D72A5B3}.Debug|Any CPU.ActiveCfg = Debug|Any CPU
		{D13E4DD3-1840-46AA-849B-AB581D72A5B3}.Debug|Any CPU.Build.0 = Debug|Any CPU
		{D13E4DD3-1840-46AA-849B-AB581D72A5B3}.Debug|Mixed Platforms.ActiveCfg = Debug|Any CPU
		{D13E4DD3-1840-46AA-849B-AB581D72A5B3}.Debug|Mixed Platforms.Build.0 = Debug|Any CPU
		{D13E4DD3-1840-46AA-849B-AB581D72A5B3}.Debug|x64.ActiveCfg = Debug|Any CPU
		{D13E4DD3-1840-46AA-849B-AB581D72A5B3}.Debug|x86.ActiveCfg = Debug|Any CPU
		{D13E4DD3-1840-46AA-849B-AB581D72A5B3}.Release|Any CPU.ActiveCfg = Release|Any CPU
		{D13E4DD3-1840-46AA-849B-AB581D72A5B3}.Release|Any CPU.Build.0 = Release|Any CPU
		{D13E4DD3-1840-46AA-849B-AB581D72A5B3}.Release|Mixed Platforms.ActiveCfg = Release|Any CPU
		{D13E4DD3-1840-46AA-849B-AB581D72A5B3}.Release|Mixed Platforms.Build.0 = Release|Any CPU
		{D13E4DD3-1840-46AA-849B-AB581D72A5B3}.Release|x64.ActiveCfg = Release|Any CPU
		{D13E4DD3-1840-46AA-849B-AB581D72A5B3}.Release|x86.ActiveCfg = Release|Any CPU
		{D13E4DD3-1840-46AA-849B-AB581D72A5B3}.SOD-2012R2|Any CPU.ActiveCfg = Release|Any CPU
		{D13E4DD3-1840-46AA-849B-AB581D72A5B3}.SOD-2012R2|Any CPU.Build.0 = Release|Any CPU
		{D13E4DD3-1840-46AA-849B-AB581D72A5B3}.SOD-2012R2|Mixed Platforms.ActiveCfg = Release|Any CPU
		{D13E4DD3-1840-46AA-849B-AB581D72A5B3}.SOD-2012R2|Mixed Platforms.Build.0 = Release|Any CPU
		{D13E4DD3-1840-46AA-849B-AB581D72A5B3}.SOD-2012R2|x64.ActiveCfg = Release|Any CPU
		{D13E4DD3-1840-46AA-849B-AB581D72A5B3}.SOD-2012R2|x86.ActiveCfg = Release|Any CPU
		{D13E4DD3-1840-46AA-849B-AB581D72A5B3}.WebDev|Any CPU.ActiveCfg = Release|Any CPU
		{D13E4DD3-1840-46AA-849B-AB581D72A5B3}.WebDev|Any CPU.Build.0 = Release|Any CPU
		{D13E4DD3-1840-46AA-849B-AB581D72A5B3}.WebDev|Mixed Platforms.ActiveCfg = Release|Any CPU
		{D13E4DD3-1840-46AA-849B-AB581D72A5B3}.WebDev|Mixed Platforms.Build.0 = Release|Any CPU
		{D13E4DD3-1840-46AA-849B-AB581D72A5B3}.WebDev|x64.ActiveCfg = Release|Any CPU
		{D13E4DD3-1840-46AA-849B-AB581D72A5B3}.WebDev|x86.ActiveCfg = Release|Any CPU
		{E2B9E98F-D3BB-40C2-82E3-77573CDCEDF7}.AFMProd|Any CPU.ActiveCfg = Release|Any CPU
		{E2B9E98F-D3BB-40C2-82E3-77573CDCEDF7}.AFMProd|Any CPU.Build.0 = Release|Any CPU
		{E2B9E98F-D3BB-40C2-82E3-77573CDCEDF7}.AFMProd|Mixed Platforms.ActiveCfg = Release|Any CPU
		{E2B9E98F-D3BB-40C2-82E3-77573CDCEDF7}.AFMProd|Mixed Platforms.Build.0 = Release|Any CPU
		{E2B9E98F-D3BB-40C2-82E3-77573CDCEDF7}.AFMProd|x64.ActiveCfg = Release|Any CPU
		{E2B9E98F-D3BB-40C2-82E3-77573CDCEDF7}.AFMProd|x86.ActiveCfg = Release|Any CPU
		{E2B9E98F-D3BB-40C2-82E3-77573CDCEDF7}.AFMTest|Any CPU.ActiveCfg = Release|Any CPU
		{E2B9E98F-D3BB-40C2-82E3-77573CDCEDF7}.AFMTest|Any CPU.Build.0 = Release|Any CPU
		{E2B9E98F-D3BB-40C2-82E3-77573CDCEDF7}.AFMTest|Mixed Platforms.ActiveCfg = Release|Any CPU
		{E2B9E98F-D3BB-40C2-82E3-77573CDCEDF7}.AFMTest|Mixed Platforms.Build.0 = Release|Any CPU
		{E2B9E98F-D3BB-40C2-82E3-77573CDCEDF7}.AFMTest|x64.ActiveCfg = Release|Any CPU
		{E2B9E98F-D3BB-40C2-82E3-77573CDCEDF7}.AFMTest|x86.ActiveCfg = Release|Any CPU
		{E2B9E98F-D3BB-40C2-82E3-77573CDCEDF7}.Debug|Any CPU.ActiveCfg = Debug|Any CPU
		{E2B9E98F-D3BB-40C2-82E3-77573CDCEDF7}.Debug|Any CPU.Build.0 = Debug|Any CPU
		{E2B9E98F-D3BB-40C2-82E3-77573CDCEDF7}.Debug|Mixed Platforms.ActiveCfg = Debug|Any CPU
		{E2B9E98F-D3BB-40C2-82E3-77573CDCEDF7}.Debug|Mixed Platforms.Build.0 = Debug|Any CPU
		{E2B9E98F-D3BB-40C2-82E3-77573CDCEDF7}.Debug|x64.ActiveCfg = Debug|Any CPU
		{E2B9E98F-D3BB-40C2-82E3-77573CDCEDF7}.Debug|x86.ActiveCfg = Debug|Any CPU
		{E2B9E98F-D3BB-40C2-82E3-77573CDCEDF7}.Release|Any CPU.ActiveCfg = Release|Any CPU
		{E2B9E98F-D3BB-40C2-82E3-77573CDCEDF7}.Release|Any CPU.Build.0 = Release|Any CPU
		{E2B9E98F-D3BB-40C2-82E3-77573CDCEDF7}.Release|Mixed Platforms.ActiveCfg = Release|Any CPU
		{E2B9E98F-D3BB-40C2-82E3-77573CDCEDF7}.Release|Mixed Platforms.Build.0 = Release|Any CPU
		{E2B9E98F-D3BB-40C2-82E3-77573CDCEDF7}.Release|x64.ActiveCfg = Release|Any CPU
		{E2B9E98F-D3BB-40C2-82E3-77573CDCEDF7}.Release|x86.ActiveCfg = Release|Any CPU
		{E2B9E98F-D3BB-40C2-82E3-77573CDCEDF7}.SOD-2012R2|Any CPU.ActiveCfg = Release|Any CPU
		{E2B9E98F-D3BB-40C2-82E3-77573CDCEDF7}.SOD-2012R2|Any CPU.Build.0 = Release|Any CPU
		{E2B9E98F-D3BB-40C2-82E3-77573CDCEDF7}.SOD-2012R2|Mixed Platforms.ActiveCfg = Release|Any CPU
		{E2B9E98F-D3BB-40C2-82E3-77573CDCEDF7}.SOD-2012R2|Mixed Platforms.Build.0 = Release|Any CPU
		{E2B9E98F-D3BB-40C2-82E3-77573CDCEDF7}.SOD-2012R2|x64.ActiveCfg = Release|Any CPU
		{E2B9E98F-D3BB-40C2-82E3-77573CDCEDF7}.SOD-2012R2|x86.ActiveCfg = Release|Any CPU
		{E2B9E98F-D3BB-40C2-82E3-77573CDCEDF7}.WebDev|Any CPU.ActiveCfg = Release|Any CPU
		{E2B9E98F-D3BB-40C2-82E3-77573CDCEDF7}.WebDev|Any CPU.Build.0 = Release|Any CPU
		{E2B9E98F-D3BB-40C2-82E3-77573CDCEDF7}.WebDev|Mixed Platforms.ActiveCfg = Release|Any CPU
		{E2B9E98F-D3BB-40C2-82E3-77573CDCEDF7}.WebDev|Mixed Platforms.Build.0 = Release|Any CPU
		{E2B9E98F-D3BB-40C2-82E3-77573CDCEDF7}.WebDev|x64.ActiveCfg = Release|Any CPU
		{E2B9E98F-D3BB-40C2-82E3-77573CDCEDF7}.WebDev|x86.ActiveCfg = Release|Any CPU
		{8A399CE6-691F-46BE-9A9C-F6CEF0644465}.AFMProd|Any CPU.ActiveCfg = Release|Any CPU
		{8A399CE6-691F-46BE-9A9C-F6CEF0644465}.AFMProd|Any CPU.Build.0 = Release|Any CPU
		{8A399CE6-691F-46BE-9A9C-F6CEF0644465}.AFMProd|Mixed Platforms.ActiveCfg = Release|Any CPU
		{8A399CE6-691F-46BE-9A9C-F6CEF0644465}.AFMProd|Mixed Platforms.Build.0 = Release|Any CPU
		{8A399CE6-691F-46BE-9A9C-F6CEF0644465}.AFMProd|x64.ActiveCfg = Release|Any CPU
		{8A399CE6-691F-46BE-9A9C-F6CEF0644465}.AFMProd|x86.ActiveCfg = Release|Any CPU
		{8A399CE6-691F-46BE-9A9C-F6CEF0644465}.AFMTest|Any CPU.ActiveCfg = Release|Any CPU
		{8A399CE6-691F-46BE-9A9C-F6CEF0644465}.AFMTest|Any CPU.Build.0 = Release|Any CPU
		{8A399CE6-691F-46BE-9A9C-F6CEF0644465}.AFMTest|Mixed Platforms.ActiveCfg = Release|Any CPU
		{8A399CE6-691F-46BE-9A9C-F6CEF0644465}.AFMTest|Mixed Platforms.Build.0 = Release|Any CPU
		{8A399CE6-691F-46BE-9A9C-F6CEF0644465}.AFMTest|x64.ActiveCfg = Release|Any CPU
		{8A399CE6-691F-46BE-9A9C-F6CEF0644465}.AFMTest|x86.ActiveCfg = Release|Any CPU
		{8A399CE6-691F-46BE-9A9C-F6CEF0644465}.Debug|Any CPU.ActiveCfg = Debug|Any CPU
		{8A399CE6-691F-46BE-9A9C-F6CEF0644465}.Debug|Any CPU.Build.0 = Debug|Any CPU
		{8A399CE6-691F-46BE-9A9C-F6CEF0644465}.Debug|Mixed Platforms.ActiveCfg = Debug|Any CPU
		{8A399CE6-691F-46BE-9A9C-F6CEF0644465}.Debug|Mixed Platforms.Build.0 = Debug|Any CPU
		{8A399CE6-691F-46BE-9A9C-F6CEF0644465}.Debug|x64.ActiveCfg = Debug|Any CPU
		{8A399CE6-691F-46BE-9A9C-F6CEF0644465}.Debug|x86.ActiveCfg = Debug|Any CPU
		{8A399CE6-691F-46BE-9A9C-F6CEF0644465}.Release|Any CPU.ActiveCfg = Release|Any CPU
		{8A399CE6-691F-46BE-9A9C-F6CEF0644465}.Release|Any CPU.Build.0 = Release|Any CPU
		{8A399CE6-691F-46BE-9A9C-F6CEF0644465}.Release|Mixed Platforms.ActiveCfg = Release|Any CPU
		{8A399CE6-691F-46BE-9A9C-F6CEF0644465}.Release|Mixed Platforms.Build.0 = Release|Any CPU
		{8A399CE6-691F-46BE-9A9C-F6CEF0644465}.Release|x64.ActiveCfg = Release|Any CPU
		{8A399CE6-691F-46BE-9A9C-F6CEF0644465}.Release|x86.ActiveCfg = Release|Any CPU
		{8A399CE6-691F-46BE-9A9C-F6CEF0644465}.SOD-2012R2|Any CPU.ActiveCfg = Release|Any CPU
		{8A399CE6-691F-46BE-9A9C-F6CEF0644465}.SOD-2012R2|Any CPU.Build.0 = Release|Any CPU
		{8A399CE6-691F-46BE-9A9C-F6CEF0644465}.SOD-2012R2|Mixed Platforms.ActiveCfg = Release|Any CPU
		{8A399CE6-691F-46BE-9A9C-F6CEF0644465}.SOD-2012R2|Mixed Platforms.Build.0 = Release|Any CPU
		{8A399CE6-691F-46BE-9A9C-F6CEF0644465}.SOD-2012R2|x64.ActiveCfg = Release|Any CPU
		{8A399CE6-691F-46BE-9A9C-F6CEF0644465}.SOD-2012R2|x86.ActiveCfg = Release|Any CPU
		{8A399CE6-691F-46BE-9A9C-F6CEF0644465}.WebDev|Any CPU.ActiveCfg = Release|Any CPU
		{8A399CE6-691F-46BE-9A9C-F6CEF0644465}.WebDev|Any CPU.Build.0 = Release|Any CPU
		{8A399CE6-691F-46BE-9A9C-F6CEF0644465}.WebDev|Mixed Platforms.ActiveCfg = Release|Any CPU
		{8A399CE6-691F-46BE-9A9C-F6CEF0644465}.WebDev|Mixed Platforms.Build.0 = Release|Any CPU
		{8A399CE6-691F-46BE-9A9C-F6CEF0644465}.WebDev|x64.ActiveCfg = Release|Any CPU
		{8A399CE6-691F-46BE-9A9C-F6CEF0644465}.WebDev|x86.ActiveCfg = Release|Any CPU
		{C647B763-2D8C-480C-965E-BFB5F40D8791}.AFMProd|Any CPU.ActiveCfg = Release|Any CPU
		{C647B763-2D8C-480C-965E-BFB5F40D8791}.AFMProd|Any CPU.Build.0 = Release|Any CPU
		{C647B763-2D8C-480C-965E-BFB5F40D8791}.AFMProd|Mixed Platforms.ActiveCfg = Release|Any CPU
		{C647B763-2D8C-480C-965E-BFB5F40D8791}.AFMProd|Mixed Platforms.Build.0 = Release|Any CPU
		{C647B763-2D8C-480C-965E-BFB5F40D8791}.AFMProd|x64.ActiveCfg = Release|Any CPU
		{C647B763-2D8C-480C-965E-BFB5F40D8791}.AFMProd|x86.ActiveCfg = Release|Any CPU
		{C647B763-2D8C-480C-965E-BFB5F40D8791}.AFMTest|Any CPU.ActiveCfg = Release|Any CPU
		{C647B763-2D8C-480C-965E-BFB5F40D8791}.AFMTest|Any CPU.Build.0 = Release|Any CPU
		{C647B763-2D8C-480C-965E-BFB5F40D8791}.AFMTest|Mixed Platforms.ActiveCfg = Release|Any CPU
		{C647B763-2D8C-480C-965E-BFB5F40D8791}.AFMTest|Mixed Platforms.Build.0 = Release|Any CPU
		{C647B763-2D8C-480C-965E-BFB5F40D8791}.AFMTest|x64.ActiveCfg = Release|Any CPU
		{C647B763-2D8C-480C-965E-BFB5F40D8791}.AFMTest|x86.ActiveCfg = Release|Any CPU
		{C647B763-2D8C-480C-965E-BFB5F40D8791}.Debug|Any CPU.ActiveCfg = Debug|Any CPU
		{C647B763-2D8C-480C-965E-BFB5F40D8791}.Debug|Any CPU.Build.0 = Debug|Any CPU
		{C647B763-2D8C-480C-965E-BFB5F40D8791}.Debug|Mixed Platforms.ActiveCfg = Debug|Any CPU
		{C647B763-2D8C-480C-965E-BFB5F40D8791}.Debug|Mixed Platforms.Build.0 = Debug|Any CPU
		{C647B763-2D8C-480C-965E-BFB5F40D8791}.Debug|x64.ActiveCfg = Debug|Any CPU
		{C647B763-2D8C-480C-965E-BFB5F40D8791}.Debug|x86.ActiveCfg = Debug|Any CPU
		{C647B763-2D8C-480C-965E-BFB5F40D8791}.Release|Any CPU.ActiveCfg = Release|Any CPU
		{C647B763-2D8C-480C-965E-BFB5F40D8791}.Release|Any CPU.Build.0 = Release|Any CPU
		{C647B763-2D8C-480C-965E-BFB5F40D8791}.Release|Mixed Platforms.ActiveCfg = Release|Any CPU
		{C647B763-2D8C-480C-965E-BFB5F40D8791}.Release|Mixed Platforms.Build.0 = Release|Any CPU
		{C647B763-2D8C-480C-965E-BFB5F40D8791}.Release|x64.ActiveCfg = Release|Any CPU
		{C647B763-2D8C-480C-965E-BFB5F40D8791}.Release|x86.ActiveCfg = Release|Any CPU
		{C647B763-2D8C-480C-965E-BFB5F40D8791}.SOD-2012R2|Any CPU.ActiveCfg = Release|Any CPU
		{C647B763-2D8C-480C-965E-BFB5F40D8791}.SOD-2012R2|Any CPU.Build.0 = Release|Any CPU
		{C647B763-2D8C-480C-965E-BFB5F40D8791}.SOD-2012R2|Mixed Platforms.ActiveCfg = Release|Any CPU
		{C647B763-2D8C-480C-965E-BFB5F40D8791}.SOD-2012R2|Mixed Platforms.Build.0 = Release|Any CPU
		{C647B763-2D8C-480C-965E-BFB5F40D8791}.SOD-2012R2|x64.ActiveCfg = Release|Any CPU
		{C647B763-2D8C-480C-965E-BFB5F40D8791}.SOD-2012R2|x86.ActiveCfg = Release|Any CPU
		{C647B763-2D8C-480C-965E-BFB5F40D8791}.WebDev|Any CPU.ActiveCfg = Release|Any CPU
		{C647B763-2D8C-480C-965E-BFB5F40D8791}.WebDev|Any CPU.Build.0 = Release|Any CPU
		{C647B763-2D8C-480C-965E-BFB5F40D8791}.WebDev|Mixed Platforms.ActiveCfg = Release|Any CPU
		{C647B763-2D8C-480C-965E-BFB5F40D8791}.WebDev|Mixed Platforms.Build.0 = Release|Any CPU
		{C647B763-2D8C-480C-965E-BFB5F40D8791}.WebDev|x64.ActiveCfg = Release|Any CPU
		{C647B763-2D8C-480C-965E-BFB5F40D8791}.WebDev|x86.ActiveCfg = Release|Any CPU
		{A42D72D5-0003-436F-BED2-D23869D97E29}.AFMProd|Any CPU.ActiveCfg = AFMProd|Any CPU
		{A42D72D5-0003-436F-BED2-D23869D97E29}.AFMProd|Any CPU.Build.0 = AFMProd|Any CPU
		{A42D72D5-0003-436F-BED2-D23869D97E29}.AFMProd|Mixed Platforms.ActiveCfg = AFMProd|Any CPU
		{A42D72D5-0003-436F-BED2-D23869D97E29}.AFMProd|Mixed Platforms.Build.0 = AFMProd|Any CPU
		{A42D72D5-0003-436F-BED2-D23869D97E29}.AFMProd|x64.ActiveCfg = AFMProd|Any CPU
		{A42D72D5-0003-436F-BED2-D23869D97E29}.AFMProd|x86.ActiveCfg = AFMProd|Any CPU
		{A42D72D5-0003-436F-BED2-D23869D97E29}.AFMTest|Any CPU.ActiveCfg = AFMTest|Any CPU
		{A42D72D5-0003-436F-BED2-D23869D97E29}.AFMTest|Any CPU.Build.0 = AFMTest|Any CPU
		{A42D72D5-0003-436F-BED2-D23869D97E29}.AFMTest|Mixed Platforms.ActiveCfg = AFMTest|Any CPU
		{A42D72D5-0003-436F-BED2-D23869D97E29}.AFMTest|Mixed Platforms.Build.0 = AFMTest|Any CPU
		{A42D72D5-0003-436F-BED2-D23869D97E29}.AFMTest|x64.ActiveCfg = AFMTest|Any CPU
		{A42D72D5-0003-436F-BED2-D23869D97E29}.AFMTest|x86.ActiveCfg = AFMTest|Any CPU
		{A42D72D5-0003-436F-BED2-D23869D97E29}.Debug|Any CPU.ActiveCfg = Debug|Any CPU
		{A42D72D5-0003-436F-BED2-D23869D97E29}.Debug|Any CPU.Build.0 = Debug|Any CPU
		{A42D72D5-0003-436F-BED2-D23869D97E29}.Debug|Mixed Platforms.ActiveCfg = Debug|Any CPU
		{A42D72D5-0003-436F-BED2-D23869D97E29}.Debug|Mixed Platforms.Build.0 = Debug|Any CPU
		{A42D72D5-0003-436F-BED2-D23869D97E29}.Debug|x64.ActiveCfg = Debug|Any CPU
		{A42D72D5-0003-436F-BED2-D23869D97E29}.Debug|x86.ActiveCfg = Debug|Any CPU
		{A42D72D5-0003-436F-BED2-D23869D97E29}.Release|Any CPU.ActiveCfg = Release|Any CPU
		{A42D72D5-0003-436F-BED2-D23869D97E29}.Release|Any CPU.Build.0 = Release|Any CPU
		{A42D72D5-0003-436F-BED2-D23869D97E29}.Release|Mixed Platforms.ActiveCfg = Release|Any CPU
		{A42D72D5-0003-436F-BED2-D23869D97E29}.Release|Mixed Platforms.Build.0 = Release|Any CPU
		{A42D72D5-0003-436F-BED2-D23869D97E29}.Release|x64.ActiveCfg = Release|Any CPU
		{A42D72D5-0003-436F-BED2-D23869D97E29}.Release|x86.ActiveCfg = Release|Any CPU
		{A42D72D5-0003-436F-BED2-D23869D97E29}.SOD-2012R2|Any CPU.ActiveCfg = SOD-2012R2|Any CPU
		{A42D72D5-0003-436F-BED2-D23869D97E29}.SOD-2012R2|Any CPU.Build.0 = SOD-2012R2|Any CPU
		{A42D72D5-0003-436F-BED2-D23869D97E29}.SOD-2012R2|Mixed Platforms.ActiveCfg = SOD-2012R2|Any CPU
		{A42D72D5-0003-436F-BED2-D23869D97E29}.SOD-2012R2|Mixed Platforms.Build.0 = SOD-2012R2|Any CPU
		{A42D72D5-0003-436F-BED2-D23869D97E29}.SOD-2012R2|x64.ActiveCfg = SOD-2012R2|Any CPU
		{A42D72D5-0003-436F-BED2-D23869D97E29}.SOD-2012R2|x86.ActiveCfg = SOD-2012R2|Any CPU
		{A42D72D5-0003-436F-BED2-D23869D97E29}.WebDev|Any CPU.ActiveCfg = WebDev|Any CPU
		{A42D72D5-0003-436F-BED2-D23869D97E29}.WebDev|Any CPU.Build.0 = WebDev|Any CPU
		{A42D72D5-0003-436F-BED2-D23869D97E29}.WebDev|Mixed Platforms.ActiveCfg = WebDev|Any CPU
		{A42D72D5-0003-436F-BED2-D23869D97E29}.WebDev|Mixed Platforms.Build.0 = WebDev|Any CPU
		{A42D72D5-0003-436F-BED2-D23869D97E29}.WebDev|x64.ActiveCfg = WebDev|Any CPU
		{A42D72D5-0003-436F-BED2-D23869D97E29}.WebDev|x86.ActiveCfg = WebDev|Any CPU
	EndGlobalSection
	GlobalSection(SolutionProperties) = preSolution
		HideSolutionNode = FALSE
	EndGlobalSection
EndGlobal
