
Microsoft Visual Studio Solution File, Format Version 12.00
# Visual Studio 2013
VisualStudioVersion = 12.0.30723.0
MinimumVisualStudioVersion = 10.0.40219.1
Project("{FAE04EC0-301F-11D3-BF4B-00C04F79EFBC}") = "Dds.Net", "Dds.Net\Dds.Net.csproj", "{F3672BD0-CF43-43BB-BE0A-4ABAA1CDE779}"
EndProject
Project("{FAE04EC0-301F-11D3-BF4B-00C04F79EFBC}") = "Dds.Net.Sample", "Dds.Net.Sample\Dds.Net.Sample.csproj", "{C682B14D-E977-4EC9-BF00-043D3C33377C}"
EndProject
Project("{FAE04EC0-301F-11D3-BF4B-00C04F79EFBC}") = "Bridge.Domain", "Bridge.Domain\Bridge.Domain.csproj", "{A83166E1-A1F3-4B4F-B8B3-F215CE1B215B}"
EndProject
Project("{FAE04EC0-301F-11D3-BF4B-00C04F79EFBC}") = "WebRequestTest", "WebRequestTest\WebRequestTest.csproj", "{2AE4A8C3-CC53-4203-BD9F-8BD07CCF5E08}"
EndProject
Project("{FAE04EC0-301F-11D3-BF4B-00C04F79EFBC}") = "PBNParserTest", "PBNParserTest\PBNParserTest.csproj", "{D13E4DD3-1840-46AA-849B-AB581D72A5B3}"
EndProject
Project("{E24C65DC-7377-472B-9ABA-BC803B73C61A}") = "BridgePortal", "http://localhost:35523", "{49EDE38E-9152-44ED-8C05-055EA6920FC7}"
	ProjectSection(WebsiteProperties) = preProject
		UseIISExpress = "true"
		TargetFrameworkMoniker = ".NETFramework,Version%3Dv4.5.1"
		Debug.AspNetCompiler.VirtualPath = "/localhost_35523"
		Debug.AspNetCompiler.PhysicalPath = "..\BridgePortal\"
		Debug.AspNetCompiler.TargetPath = "PrecompiledWeb\localhost_35523\"
		Debug.AspNetCompiler.Updateable = "true"
		Debug.AspNetCompiler.ForceOverwrite = "true"
		Debug.AspNetCompiler.FixedNames = "false"
		Debug.AspNetCompiler.Debug = "True"
		Release.AspNetCompiler.VirtualPath = "/localhost_35523"
		Release.AspNetCompiler.PhysicalPath = "..\BridgePortal\"
		Release.AspNetCompiler.TargetPath = "PrecompiledWeb\localhost_35523\"
		Release.AspNetCompiler.Updateable = "true"
		Release.AspNetCompiler.ForceOverwrite = "true"
		Release.AspNetCompiler.FixedNames = "false"
		Release.AspNetCompiler.Debug = "False"
		SlnRelativePath = "..\BridgePortal\"
		DefaultWebSiteLanguage = "Visual C#"
	EndProjectSection
EndProject
Project("{FAE04EC0-301F-11D3-BF4B-00C04F79EFBC}") = "BridgeWebAPI", "BridgeWebAPI\BridgeWebAPI.csproj", "{E2B9E98F-D3BB-40C2-82E3-77573CDCEDF7}"
EndProject
Project("{FAE04EC0-301F-11D3-BF4B-00C04F79EFBC}") = "BridgeWebAPI.Tests", "BridgeWebAPI.Tests\BridgeWebAPI.Tests.csproj", "{8A399CE6-691F-46BE-9A9C-F6CEF0644465}"
EndProject
Global
	GlobalSection(SolutionConfigurationPlatforms) = preSolution
		Debug|Any CPU = Debug|Any CPU
		Debug|Mixed Platforms = Debug|Mixed Platforms
		Debug|x64 = Debug|x64
		Debug|x86 = Debug|x86
		Release|Any CPU = Release|Any CPU
		Release|Mixed Platforms = Release|Mixed Platforms
		Release|x64 = Release|x64
		Release|x86 = Release|x86
	EndGlobalSection
	GlobalSection(ProjectConfigurationPlatforms) = postSolution
		{F3672BD0-CF43-43BB-BE0A-4ABAA1CDE779}.Debug|Any CPU.ActiveCfg = Debug|Any CPU
		{F3672BD0-CF43-43BB-BE0A-4ABAA1CDE779}.Debug|Any CPU.Build.0 = Debug|Any CPU
		{F3672BD0-CF43-43BB-BE0A-4ABAA1CDE779}.Debug|Mixed Platforms.ActiveCfg = Debug|x86
		{F3672BD0-CF43-43BB-BE0A-4ABAA1CDE779}.Debug|Mixed Platforms.Build.0 = Debug|x86
		{F3672BD0-CF43-43BB-BE0A-4ABAA1CDE779}.Debug|x64.ActiveCfg = Debug|x86
		{F3672BD0-CF43-43BB-BE0A-4ABAA1CDE779}.Debug|x64.Build.0 = Debug|x86
		{F3672BD0-CF43-43BB-BE0A-4ABAA1CDE779}.Debug|x86.ActiveCfg = Debug|x86
		{F3672BD0-CF43-43BB-BE0A-4ABAA1CDE779}.Debug|x86.Build.0 = Debug|x86
		{F3672BD0-CF43-43BB-BE0A-4ABAA1CDE779}.Release|Any CPU.ActiveCfg = Release|Any CPU
		{F3672BD0-CF43-43BB-BE0A-4ABAA1CDE779}.Release|Any CPU.Build.0 = Release|Any CPU
		{F3672BD0-CF43-43BB-BE0A-4ABAA1CDE779}.Release|Mixed Platforms.ActiveCfg = Release|x86
		{F3672BD0-CF43-43BB-BE0A-4ABAA1CDE779}.Release|Mixed Platforms.Build.0 = Release|x86
		{F3672BD0-CF43-43BB-BE0A-4ABAA1CDE779}.Release|x64.ActiveCfg = Release|Any CPU
		{F3672BD0-CF43-43BB-BE0A-4ABAA1CDE779}.Release|x86.ActiveCfg = Release|x86
		{F3672BD0-CF43-43BB-BE0A-4ABAA1CDE779}.Release|x86.Build.0 = Release|x86
		{C682B14D-E977-4EC9-BF00-043D3C33377C}.Debug|Any CPU.ActiveCfg = Debug|Any CPU
		{C682B14D-E977-4EC9-BF00-043D3C33377C}.Debug|Any CPU.Build.0 = Debug|Any CPU
		{C682B14D-E977-4EC9-BF00-043D3C33377C}.Debug|Mixed Platforms.ActiveCfg = Debug|Any CPU
		{C682B14D-E977-4EC9-BF00-043D3C33377C}.Debug|Mixed Platforms.Build.0 = Debug|Any CPU
		{C682B14D-E977-4EC9-BF00-043D3C33377C}.Debug|x64.ActiveCfg = Debug|Any CPU
		{C682B14D-E977-4EC9-BF00-043D3C33377C}.Debug|x64.Build.0 = Debug|Any CPU
		{C682B14D-E977-4EC9-BF00-043D3C33377C}.Debug|x86.ActiveCfg = Debug|Any CPU
		{C682B14D-E977-4EC9-BF00-043D3C33377C}.Release|Any CPU.ActiveCfg = Release|Any CPU
		{C682B14D-E977-4EC9-BF00-043D3C33377C}.Release|Any CPU.Build.0 = Release|Any CPU
		{C682B14D-E977-4EC9-BF00-043D3C33377C}.Release|Mixed Platforms.ActiveCfg = Release|Any CPU
		{C682B14D-E977-4EC9-BF00-043D3C33377C}.Release|Mixed Platforms.Build.0 = Release|Any CPU
		{C682B14D-E977-4EC9-BF00-043D3C33377C}.Release|x64.ActiveCfg = Release|x64
		{C682B14D-E977-4EC9-BF00-043D3C33377C}.Release|x64.Build.0 = Release|x64
		{C682B14D-E977-4EC9-BF00-043D3C33377C}.Release|x86.ActiveCfg = Release|Any CPU
		{A83166E1-A1F3-4B4F-B8B3-F215CE1B215B}.Debug|Any CPU.ActiveCfg = Debug|Any CPU
		{A83166E1-A1F3-4B4F-B8B3-F215CE1B215B}.Debug|Any CPU.Build.0 = Debug|Any CPU
		{A83166E1-A1F3-4B4F-B8B3-F215CE1B215B}.Debug|Mixed Platforms.ActiveCfg = Debug|Any CPU
		{A83166E1-A1F3-4B4F-B8B3-F215CE1B215B}.Debug|Mixed Platforms.Build.0 = Debug|Any CPU
		{A83166E1-A1F3-4B4F-B8B3-F215CE1B215B}.Debug|x64.ActiveCfg = Debug|Any CPU
		{A83166E1-A1F3-4B4F-B8B3-F215CE1B215B}.Debug|x86.ActiveCfg = Debug|Any CPU
		{A83166E1-A1F3-4B4F-B8B3-F215CE1B215B}.Release|Any CPU.ActiveCfg = Release|Any CPU
		{A83166E1-A1F3-4B4F-B8B3-F215CE1B215B}.Release|Any CPU.Build.0 = Release|Any CPU
		{A83166E1-A1F3-4B4F-B8B3-F215CE1B215B}.Release|Mixed Platforms.ActiveCfg = Release|Any CPU
		{A83166E1-A1F3-4B4F-B8B3-F215CE1B215B}.Release|Mixed Platforms.Build.0 = Release|Any CPU
		{A83166E1-A1F3-4B4F-B8B3-F215CE1B215B}.Release|x64.ActiveCfg = Release|Any CPU
		{A83166E1-A1F3-4B4F-B8B3-F215CE1B215B}.Release|x86.ActiveCfg = Release|Any CPU
		{2AE4A8C3-CC53-4203-BD9F-8BD07CCF5E08}.Debug|Any CPU.ActiveCfg = Debug|Any CPU
		{2AE4A8C3-CC53-4203-BD9F-8BD07CCF5E08}.Debug|Any CPU.Build.0 = Debug|Any CPU
		{2AE4A8C3-CC53-4203-BD9F-8BD07CCF5E08}.Debug|Mixed Platforms.ActiveCfg = Debug|Any CPU
		{2AE4A8C3-CC53-4203-BD9F-8BD07CCF5E08}.Debug|Mixed Platforms.Build.0 = Debug|Any CPU
		{2AE4A8C3-CC53-4203-BD9F-8BD07CCF5E08}.Debug|x64.ActiveCfg = Debug|Any CPU
		{2AE4A8C3-CC53-4203-BD9F-8BD07CCF5E08}.Debug|x86.ActiveCfg = Debug|Any CPU
		{2AE4A8C3-CC53-4203-BD9F-8BD07CCF5E08}.Release|Any CPU.ActiveCfg = Release|Any CPU
		{2AE4A8C3-CC53-4203-BD9F-8BD07CCF5E08}.Release|Any CPU.Build.0 = Release|Any CPU
		{2AE4A8C3-CC53-4203-BD9F-8BD07CCF5E08}.Release|Mixed Platforms.ActiveCfg = Release|Any CPU
		{2AE4A8C3-CC53-4203-BD9F-8BD07CCF5E08}.Release|Mixed Platforms.Build.0 = Release|Any CPU
		{2AE4A8C3-CC53-4203-BD9F-8BD07CCF5E08}.Release|x64.ActiveCfg = Release|Any CPU
		{2AE4A8C3-CC53-4203-BD9F-8BD07CCF5E08}.Release|x86.ActiveCfg = Release|Any CPU
		{D13E4DD3-1840-46AA-849B-AB581D72A5B3}.Debug|Any CPU.ActiveCfg = Debug|Any CPU
		{D13E4DD3-1840-46AA-849B-AB581D72A5B3}.Debug|Any CPU.Build.0 = Debug|Any CPU
		{D13E4DD3-1840-46AA-849B-AB581D72A5B3}.Debug|Mixed Platforms.ActiveCfg = Debug|Any CPU
		{D13E4DD3-1840-46AA-849B-AB581D72A5B3}.Debug|Mixed Platforms.Build.0 = Debug|Any CPU
		{D13E4DD3-1840-46AA-849B-AB581D72A5B3}.Debug|x64.ActiveCfg = Debug|Any CPU
		{D13E4DD3-1840-46AA-849B-AB581D72A5B3}.Debug|x86.ActiveCfg = Debug|Any CPU
		{D13E4DD3-1840-46AA-849B-AB581D72A5B3}.Release|Any CPU.ActiveCfg = Release|Any CPU
		{D13E4DD3-1840-46AA-849B-AB581D72A5B3}.Release|Any CPU.Build.0 = Release|Any CPU
		{D13E4DD3-1840-46AA-849B-AB581D72A5B3}.Release|Mixed Platforms.ActiveCfg = Release|Any CPU
		{D13E4DD3-1840-46AA-849B-AB581D72A5B3}.Release|Mixed Platforms.Build.0 = Release|Any CPU
		{D13E4DD3-1840-46AA-849B-AB581D72A5B3}.Release|x64.ActiveCfg = Release|Any CPU
		{D13E4DD3-1840-46AA-849B-AB581D72A5B3}.Release|x86.ActiveCfg = Release|Any CPU
		{49EDE38E-9152-44ED-8C05-055EA6920FC7}.Debug|Any CPU.ActiveCfg = Debug|Any CPU
		{49EDE38E-9152-44ED-8C05-055EA6920FC7}.Debug|Any CPU.Build.0 = Debug|Any CPU
		{49EDE38E-9152-44ED-8C05-055EA6920FC7}.Debug|Mixed Platforms.ActiveCfg = Debug|Any CPU
		{49EDE38E-9152-44ED-8C05-055EA6920FC7}.Debug|Mixed Platforms.Build.0 = Debug|Any CPU
		{49EDE38E-9152-44ED-8C05-055EA6920FC7}.Debug|x64.ActiveCfg = Debug|Any CPU
		{49EDE38E-9152-44ED-8C05-055EA6920FC7}.Debug|x86.ActiveCfg = Debug|Any CPU
		{49EDE38E-9152-44ED-8C05-055EA6920FC7}.Release|Any CPU.ActiveCfg = Debug|Any CPU
		{49EDE38E-9152-44ED-8C05-055EA6920FC7}.Release|Any CPU.Build.0 = Debug|Any CPU
		{49EDE38E-9152-44ED-8C05-055EA6920FC7}.Release|Mixed Platforms.ActiveCfg = Debug|Any CPU
		{49EDE38E-9152-44ED-8C05-055EA6920FC7}.Release|Mixed Platforms.Build.0 = Debug|Any CPU
		{49EDE38E-9152-44ED-8C05-055EA6920FC7}.Release|x64.ActiveCfg = Debug|Any CPU
		{49EDE38E-9152-44ED-8C05-055EA6920FC7}.Release|x86.ActiveCfg = Debug|Any CPU
		{E2B9E98F-D3BB-40C2-82E3-77573CDCEDF7}.Debug|Any CPU.ActiveCfg = Debug|Any CPU
		{E2B9E98F-D3BB-40C2-82E3-77573CDCEDF7}.Debug|Any CPU.Build.0 = Debug|Any CPU
		{E2B9E98F-D3BB-40C2-82E3-77573CDCEDF7}.Debug|Mixed Platforms.ActiveCfg = Debug|Any CPU
		{E2B9E98F-D3BB-40C2-82E3-77573CDCEDF7}.Debug|Mixed Platforms.Build.0 = Debug|Any CPU
		{E2B9E98F-D3BB-40C2-82E3-77573CDCEDF7}.Debug|x64.ActiveCfg = Debug|Any CPU
		{E2B9E98F-D3BB-40C2-82E3-77573CDCEDF7}.Debug|x86.ActiveCfg = Debug|Any CPU
		{E2B9E98F-D3BB-40C2-82E3-77573CDCEDF7}.Release|Any CPU.ActiveCfg = Release|Any CPU
		{E2B9E98F-D3BB-40C2-82E3-77573CDCEDF7}.Release|Any CPU.Build.0 = Release|Any CPU
		{E2B9E98F-D3BB-40C2-82E3-77573CDCEDF7}.Release|Mixed Platforms.ActiveCfg = Release|Any CPU
		{E2B9E98F-D3BB-40C2-82E3-77573CDCEDF7}.Release|Mixed Platforms.Build.0 = Release|Any CPU
		{E2B9E98F-D3BB-40C2-82E3-77573CDCEDF7}.Release|x64.ActiveCfg = Release|Any CPU
		{E2B9E98F-D3BB-40C2-82E3-77573CDCEDF7}.Release|x86.ActiveCfg = Release|Any CPU
		{8A399CE6-691F-46BE-9A9C-F6CEF0644465}.Debug|Any CPU.ActiveCfg = Debug|Any CPU
		{8A399CE6-691F-46BE-9A9C-F6CEF0644465}.Debug|Any CPU.Build.0 = Debug|Any CPU
		{8A399CE6-691F-46BE-9A9C-F6CEF0644465}.Debug|Mixed Platforms.ActiveCfg = Debug|Any CPU
		{8A399CE6-691F-46BE-9A9C-F6CEF0644465}.Debug|Mixed Platforms.Build.0 = Debug|Any CPU
		{8A399CE6-691F-46BE-9A9C-F6CEF0644465}.Debug|x64.ActiveCfg = Debug|Any CPU
		{8A399CE6-691F-46BE-9A9C-F6CEF0644465}.Debug|x86.ActiveCfg = Debug|Any CPU
		{8A399CE6-691F-46BE-9A9C-F6CEF0644465}.Release|Any CPU.ActiveCfg = Release|Any CPU
		{8A399CE6-691F-46BE-9A9C-F6CEF0644465}.Release|Any CPU.Build.0 = Release|Any CPU
		{8A399CE6-691F-46BE-9A9C-F6CEF0644465}.Release|Mixed Platforms.ActiveCfg = Release|Any CPU
		{8A399CE6-691F-46BE-9A9C-F6CEF0644465}.Release|Mixed Platforms.Build.0 = Release|Any CPU
		{8A399CE6-691F-46BE-9A9C-F6CEF0644465}.Release|x64.ActiveCfg = Release|Any CPU
		{8A399CE6-691F-46BE-9A9C-F6CEF0644465}.Release|x86.ActiveCfg = Release|Any CPU
	EndGlobalSection
	GlobalSection(SolutionProperties) = preSolution
		HideSolutionNode = FALSE
	EndGlobalSection
EndGlobal
